
Microsoft Visual Studio Solution File, Format Version 12.00
# Visual Studio Version 17
VisualStudioVersion = 17.4.33213.308
MinimumVisualStudioVersion = 10.0.40219.1
Project("{FAE04EC0-301F-11D3-BF4B-00C04F79EFBC}") = "TestSelenium", "TestSelenium.csproj", "{0D531A8A-B429-4108-A310-5D721716DACD}"
EndProject
Global
	GlobalSection(SolutionConfigurationPlatforms) = preSolution
		Debug|Any CPU = Debug|Any CPU
		Release|Any CPU = Release|Any CPU
	EndGlobalSection
	GlobalSection(ProjectConfigurationPlatforms) = postSolution
		{0D531A8A-B429-4108-A310-5D721716DACD}.Debug|Any CPU.ActiveCfg = Debug|Any CPU
		{0D531A8A-B429-4108-A310-5D721716DACD}.Debug|Any CPU.Build.0 = Debug|Any CPU
		{0D531A8A-B429-4108-A310-5D721716DACD}.Release|Any CPU.ActiveCfg = Release|Any CPU
		{0D531A8A-B429-4108-A310-5D721716DACD}.Release|Any CPU.Build.0 = Release|Any CPU
	EndGlobalSection
	GlobalSection(SolutionProperties) = preSolution
		HideSolutionNode = FALSE
	EndGlobalSection
	GlobalSection(ExtensibilityGlobals) = postSolution
		SolutionGuid = {AAC740A8-9D82-418A-A3DC-4993BF5F6AB2}
	EndGlobalSection
EndGlobal
